
Microsoft Visual Studio Solution File, Format Version 12.00
# Visual Studio Version 16
VisualStudioVersion = 16.0.31729.503
MinimumVisualStudioVersion = 10.0.40219.1
Project("{FAE04EC0-301F-11D3-BF4B-00C04F79EFBC}") = "Exercicios.Android", "Exercicios\Exercicios.Android\Exercicios.Android.csproj", "{4FB58474-9D05-4313-AACC-04B8D02A958F}"
EndProject
Project("{FAE04EC0-301F-11D3-BF4B-00C04F79EFBC}") = "Exercicios.iOS", "Exercicios\Exercicios.iOS\Exercicios.iOS.csproj", "{F3D3A336-C593-4650-80BF-2C8C3BBD9E85}"
EndProject
Project("{FAE04EC0-301F-11D3-BF4B-00C04F79EFBC}") = "Exercicios", "Exercicios\Exercicios\Exercicios.csproj", "{34CDB306-24D4-4BA1-AAC6-34377DDC8644}"
EndProject
Global
	GlobalSection(SolutionConfigurationPlatforms) = preSolution
		Debug|Any CPU = Debug|Any CPU
		Debug|iPhone = Debug|iPhone
		Debug|iPhoneSimulator = Debug|iPhoneSimulator
		Release|Any CPU = Release|Any CPU
		Release|iPhone = Release|iPhone
		Release|iPhoneSimulator = Release|iPhoneSimulator
	EndGlobalSection
	GlobalSection(ProjectConfigurationPlatforms) = postSolution
		{4FB58474-9D05-4313-AACC-04B8D02A958F}.Debug|Any CPU.ActiveCfg = Debug|Any CPU
		{4FB58474-9D05-4313-AACC-04B8D02A958F}.Debug|Any CPU.Build.0 = Debug|Any CPU
		{4FB58474-9D05-4313-AACC-04B8D02A958F}.Debug|Any CPU.Deploy.0 = Debug|Any CPU
		{4FB58474-9D05-4313-AACC-04B8D02A958F}.Debug|iPhone.ActiveCfg = Debug|Any CPU
		{4FB58474-9D05-4313-AACC-04B8D02A958F}.Debug|iPhone.Build.0 = Debug|Any CPU
		{4FB58474-9D05-4313-AACC-04B8D02A958F}.Debug|iPhone.Deploy.0 = Debug|Any CPU
		{4FB58474-9D05-4313-AACC-04B8D02A958F}.Debug|iPhoneSimulator.ActiveCfg = Debug|Any CPU
		{4FB58474-9D05-4313-AACC-04B8D02A958F}.Debug|iPhoneSimulator.Build.0 = Debug|Any CPU
		{4FB58474-9D05-4313-AACC-04B8D02A958F}.Debug|iPhoneSimulator.Deploy.0 = Debug|Any CPU
		{4FB58474-9D05-4313-AACC-04B8D02A958F}.Release|Any CPU.ActiveCfg = Release|Any CPU
		{4FB58474-9D05-4313-AACC-04B8D02A958F}.Release|Any CPU.Build.0 = Release|Any CPU
		{4FB58474-9D05-4313-AACC-04B8D02A958F}.Release|Any CPU.Deploy.0 = Release|Any CPU
		{4FB58474-9D05-4313-AACC-04B8D02A958F}.Release|iPhone.ActiveCfg = Release|Any CPU
		{4FB58474-9D05-4313-AACC-04B8D02A958F}.Release|iPhone.Build.0 = Release|Any CPU
		{4FB58474-9D05-4313-AACC-04B8D02A958F}.Release|iPhone.Deploy.0 = Release|Any CPU
		{4FB58474-9D05-4313-AACC-04B8D02A958F}.Release|iPhoneSimulator.ActiveCfg = Release|Any CPU
		{4FB58474-9D05-4313-AACC-04B8D02A958F}.Release|iPhoneSimulator.Build.0 = Release|Any CPU
		{4FB58474-9D05-4313-AACC-04B8D02A958F}.Release|iPhoneSimulator.Deploy.0 = Release|Any CPU
		{F3D3A336-C593-4650-80BF-2C8C3BBD9E85}.Debug|Any CPU.ActiveCfg = Debug|iPhone
		{F3D3A336-C593-4650-80BF-2C8C3BBD9E85}.Debug|Any CPU.Build.0 = Debug|iPhone
		{F3D3A336-C593-4650-80BF-2C8C3BBD9E85}.Debug|Any CPU.Deploy.0 = Debug|iPhone
		{F3D3A336-C593-4650-80BF-2C8C3BBD9E85}.Debug|iPhone.ActiveCfg = Debug|iPhone
		{F3D3A336-C593-4650-80BF-2C8C3BBD9E85}.Debug|iPhone.Build.0 = Debug|iPhone
		{F3D3A336-C593-4650-80BF-2C8C3BBD9E85}.Debug|iPhone.Deploy.0 = Debug|iPhone
		{F3D3A336-C593-4650-80BF-2C8C3BBD9E85}.Debug|iPhoneSimulator.ActiveCfg = Debug|iPhoneSimulator
		{F3D3A336-C593-4650-80BF-2C8C3BBD9E85}.Debug|iPhoneSimulator.Build.0 = Debug|iPhoneSimulator
		{F3D3A336-C593-4650-80BF-2C8C3BBD9E85}.Debug|iPhoneSimulator.Deploy.0 = Debug|iPhoneSimulator
		{F3D3A336-C593-4650-80BF-2C8C3BBD9E85}.Release|Any CPU.ActiveCfg = Release|iPhoneSimulator
		{F3D3A336-C593-4650-80BF-2C8C3BBD9E85}.Release|Any CPU.Build.0 = Release|iPhoneSimulator
		{F3D3A336-C593-4650-80BF-2C8C3BBD9E85}.Release|Any CPU.Deploy.0 = Release|iPhoneSimulator
		{F3D3A336-C593-4650-80BF-2C8C3BBD9E85}.Release|iPhone.ActiveCfg = Release|iPhone
		{F3D3A336-C593-4650-80BF-2C8C3BBD9E85}.Release|iPhone.Build.0 = Release|iPhone
		{F3D3A336-C593-4650-80BF-2C8C3BBD9E85}.Release|iPhone.Deploy.0 = Release|iPhone
		{F3D3A336-C593-4650-80BF-2C8C3BBD9E85}.Release|iPhoneSimulator.ActiveCfg = Release|iPhoneSimulator
		{F3D3A336-C593-4650-80BF-2C8C3BBD9E85}.Release|iPhoneSimulator.Build.0 = Release|iPhoneSimulator
		{F3D3A336-C593-4650-80BF-2C8C3BBD9E85}.Release|iPhoneSimulator.Deploy.0 = Release|iPhoneSimulator
		{34CDB306-24D4-4BA1-AAC6-34377DDC8644}.Debug|Any CPU.ActiveCfg = Debug|Any CPU
		{34CDB306-24D4-4BA1-AAC6-34377DDC8644}.Debug|Any CPU.Build.0 = Debug|Any CPU
		{34CDB306-24D4-4BA1-AAC6-34377DDC8644}.Debug|Any CPU.Deploy.0 = Debug|Any CPU
		{34CDB306-24D4-4BA1-AAC6-34377DDC8644}.Debug|iPhone.ActiveCfg = Debug|Any CPU
		{34CDB306-24D4-4BA1-AAC6-34377DDC8644}.Debug|iPhone.Build.0 = Debug|Any CPU
		{34CDB306-24D4-4BA1-AAC6-34377DDC8644}.Debug|iPhone.Deploy.0 = Debug|Any CPU
		{34CDB306-24D4-4BA1-AAC6-34377DDC8644}.Debug|iPhoneSimulator.ActiveCfg = Debug|Any CPU
		{34CDB306-24D4-4BA1-AAC6-34377DDC8644}.Debug|iPhoneSimulator.Build.0 = Debug|Any CPU
		{34CDB306-24D4-4BA1-AAC6-34377DDC8644}.Debug|iPhoneSimulator.Deploy.0 = Debug|Any CPU
		{34CDB306-24D4-4BA1-AAC6-34377DDC8644}.Release|Any CPU.ActiveCfg = Release|Any CPU
		{34CDB306-24D4-4BA1-AAC6-34377DDC8644}.Release|Any CPU.Build.0 = Release|Any CPU
		{34CDB306-24D4-4BA1-AAC6-34377DDC8644}.Release|Any CPU.Deploy.0 = Release|Any CPU
		{34CDB306-24D4-4BA1-AAC6-34377DDC8644}.Release|iPhone.ActiveCfg = Release|Any CPU
		{34CDB306-24D4-4BA1-AAC6-34377DDC8644}.Release|iPhone.Build.0 = Release|Any CPU
		{34CDB306-24D4-4BA1-AAC6-34377DDC8644}.Release|iPhone.Deploy.0 = Release|Any CPU
		{34CDB306-24D4-4BA1-AAC6-34377DDC8644}.Release|iPhoneSimulator.ActiveCfg = Release|Any CPU
		{34CDB306-24D4-4BA1-AAC6-34377DDC8644}.Release|iPhoneSimulator.Build.0 = Release|Any CPU
		{34CDB306-24D4-4BA1-AAC6-34377DDC8644}.Release|iPhoneSimulator.Deploy.0 = Release|Any CPU
	EndGlobalSection
	GlobalSection(SolutionProperties) = preSolution
		HideSolutionNode = FALSE
	EndGlobalSection
	GlobalSection(ExtensibilityGlobals) = postSolution
		SolutionGuid = {BF2695C4-72AB-4288-A266-820266DA4FEF}
	EndGlobalSection
EndGlobal
